
Microsoft Visual Studio Solution File, Format Version 12.00
# Visual Studio Version 17
VisualStudioVersion = 17.0.31903.59
MinimumVisualStudioVersion = 10.0.40219.1
Project("{2150E333-8FDC-42A3-9474-1A3956D46DE8}") = "StudentHelpCare", "StudentHelpCare", "{A223AAA5-53DD-478B-932B-0525D3117BD7}"
EndProject
Project("{2150E333-8FDC-42A3-9474-1A3956D46DE8}") = "StudentHelpCareIdentityServer", "StudentHelpCareIdentityServer", "{C9BE48A0-AA25-4BC0-9A41-BC4E5DA4833F}"
EndProject
Global
	GlobalSection(SolutionProperties) = preSolution
		HideSolutionNode = FALSE
	EndGlobalSection
	GlobalSection(ExtensibilityGlobals) = postSolution
		SolutionGuid = {86324F5F-3DDD-4A18-B8FC-517B9EC1783B}
	EndGlobalSection
EndGlobal
